# This file is automatically @generated by Cargo.
# It is not intended for manual editing.
version = 4

[[package]]
name = "capsule_umbra"
version = "0.1.0"
dependencies = [
 "kernel",
]

[[package]]
name = "capsules-core"
version = "0.2.3-dev"
dependencies = [
 "enum_primitive",
 "kernel",
 "tickv",
]

[[package]]
name = "capsules-extra"
version = "0.2.3-dev"
dependencies = [
 "capsules-core",
 "enum_primitive",
 "kernel",
 "tickv",
]

[[package]]
name = "capsules-system"
version = "0.2.3-dev"
dependencies = [
 "kernel",
 "tock-tbf",
]

[[package]]
name = "components"
version = "0.2.3-dev"
dependencies = [
 "capsules-core",
 "capsules-extra",
 "capsules-system",
 "kernel",
 "segger",
 "tock-tbf",
]

[[package]]
name = "cortexm"
version = "0.2.3-dev"
dependencies = [
 "kernel",
]

[[package]]
name = "cortexm33"
version = "0.2.3-dev"
dependencies = [
 "cortexm",
 "cortexv7m",
 "kernel",
]

[[package]]
name = "cortexv7m"
version = "0.2.3-dev"
dependencies = [
 "kernel",
]

[[package]]
name = "enclave_demo"
version = "0.1.0"
dependencies = [
 "libtock",
 "libtock_build_scripts",
]

[[package]]
name = "enum_primitive"
version = "0.1.0"

[[package]]
name = "kernel"
version = "0.2.3-dev"
dependencies = [
 "tock-cells",
 "tock-registers",
 "tock-tbf",
]

[[package]]
name = "libm"
version = "0.2.16"
source = "registry+https://github.com/rust-lang/crates.io-index"
checksum = "b6d2cec3eae94f9f509c767b45932f1ada8350c4bdb85af2fcab4a3c14807981"

[[package]]
name = "libtock"
version = "0.1.0"
dependencies = [
 "libtock_adc",
 "libtock_air_quality",
 "libtock_alarm",
 "libtock_ambient_light",
 "libtock_build_scripts",
 "libtock_buttons",
 "libtock_buzzer",
 "libtock_console",
 "libtock_debug_panic",
 "libtock_gpio",
 "libtock_i2c_master",
 "libtock_i2c_master_slave",
 "libtock_ieee802154",
 "libtock_key_value",
 "libtock_leds",
 "libtock_low_level_debug",
 "libtock_ninedof",
 "libtock_platform",
 "libtock_proximity",
 "libtock_rng",
 "libtock_runtime",
 "libtock_screen",
 "libtock_small_panic",
 "libtock_sound_pressure",
 "libtock_spi_controller",
 "libtock_temperature",
]

[[package]]
name = "libtock_adc"
version = "0.1.0"
dependencies = [
 "libtock_platform",
]

[[package]]
name = "libtock_air_quality"
version = "0.1.0"
dependencies = [
 "libtock_platform",
]

[[package]]
name = "libtock_alarm"
version = "0.1.0"
dependencies = [
 "libtock_platform",
]

[[package]]
name = "libtock_ambient_light"
version = "0.1.0"
dependencies = [
 "libtock_platform",
]

[[package]]
name = "libtock_build_scripts"
version = "0.1.0"

[[package]]
name = "libtock_buttons"
version = "0.1.0"
dependencies = [
 "libtock_platform",
]

[[package]]
name = "libtock_buzzer"
version = "0.1.0"
dependencies = [
 "libtock_platform",
]

[[package]]
name = "libtock_console"
version = "0.1.0"
dependencies = [
 "libtock_platform",
]

[[package]]
name = "libtock_debug_panic"
version = "0.1.0"
dependencies = [
 "libtock_console",
 "libtock_low_level_debug",
 "libtock_platform",
 "libtock_runtime",
]

[[package]]
name = "libtock_gpio"
version = "0.1.0"
dependencies = [
 "libtock_platform",
]

[[package]]
name = "libtock_i2c_master"
version = "0.1.0"
dependencies = [
 "libtock_platform",
]

[[package]]
name = "libtock_i2c_master_slave"
version = "0.1.0"
dependencies = [
 "libtock_platform",
]

[[package]]
name = "libtock_ieee802154"
version = "0.1.0"
dependencies = [
 "libtock_platform",
]

[[package]]
name = "libtock_key_value"
version = "0.1.0"
dependencies = [
 "libtock_platform",
]

[[package]]
name = "libtock_leds"
version = "0.1.0"
dependencies = [
 "libtock_platform",
]

[[package]]
name = "libtock_low_level_debug"
version = "0.1.0"
dependencies = [
 "libtock_platform",
]

[[package]]
name = "libtock_ninedof"
version = "0.1.0"
dependencies = [
 "libm",
 "libtock_platform",
]

[[package]]
name = "libtock_platform"
version = "0.1.0"

[[package]]
name = "libtock_proximity"
version = "0.1.0"
dependencies = [
 "libtock_platform",
]

[[package]]
name = "libtock_rng"
version = "0.1.0"
dependencies = [
 "libtock_platform",
]

[[package]]
name = "libtock_runtime"
version = "0.1.0"
dependencies = [
 "libtock_platform",
]

[[package]]
name = "libtock_screen"
version = "0.1.0"
dependencies = [
 "libtock_platform",
]

[[package]]
name = "libtock_small_panic"
version = "0.1.0"
dependencies = [
 "libtock_low_level_debug",
 "libtock_platform",
 "libtock_runtime",
]

[[package]]
name = "libtock_sound_pressure"
version = "0.1.0"
dependencies = [
 "libtock_platform",
]

[[package]]
name = "libtock_spi_controller"
version = "0.1.0"
dependencies = [
 "libtock_platform",
]

[[package]]
name = "libtock_temperature"
version = "0.1.0"
dependencies = [
 "libtock_platform",
]

[[package]]
name = "nucleo_l552ze_q_umbra"
version = "0.1.0"
dependencies = [
 "capsule_umbra",
 "capsules-core",
 "capsules-system",
 "components",
 "cortexm",
 "cortexm33",
 "kernel",
 "stm32l552",
]

[[package]]
name = "segger"
version = "0.2.3-dev"
dependencies = [
 "kernel",
]

[[package]]
name = "stm32l552"
version = "0.1.0"
dependencies = [
 "cortexm33",
 "kernel",
 "stm32l5xx",
]

[[package]]
name = "stm32l5xx"
version = "0.1.0"
dependencies = [
 "cortexm",
 "cortexm33",
 "kernel",
]

[[package]]
name = "tickv"
version = "2.0.0"

[[package]]
name = "tock-cells"
version = "0.1.0"

[[package]]
name = "tock-registers"
version = "0.10.1"
source = "registry+https://github.com/rust-lang/crates.io-index"
checksum = "8d2d250f87fb3fb6f225c907cf54381509f47b40b74b1d1f12d2dccbc915bdfe"

[[package]]
name = "tock-tbf"
version = "0.1.0"
