# This file is automatically @generated by Cargo.
# It is not intended for manual editing.
version = 4

[[package]]
name = "capsules-core"
version = "0.2.3-dev"
dependencies = [
 "enum_primitive",
 "kernel",
 "tickv",
]

[[package]]
name = "capsules-extra"
version = "0.2.3-dev"
dependencies = [
 "capsules-core",
 "enum_primitive",
 "kernel",
 "tickv",
]

[[package]]
name = "capsules-system"
version = "0.2.3-dev"
dependencies = [
 "kernel",
 "tock-tbf",
]

[[package]]
name = "components"
version = "0.2.3-dev"
dependencies = [
 "capsules-core",
 "capsules-extra",
 "capsules-system",
 "kernel",
 "segger",
 "tock-tbf",
]

[[package]]
name = "enum_primitive"
version = "0.1.0"

[[package]]
name = "kernel"
version = "0.2.3-dev"
dependencies = [
 "tock-cells",
 "tock-registers",
 "tock-tbf",
]

[[package]]
name = "qemu_rv32_virt_chip"
version = "0.2.3-dev"
dependencies = [
 "kernel",
 "rv32i",
 "sifive",
 "virtio",
]

[[package]]
name = "qemu_rv32_virt_umbra"
version = "0.1.0"
dependencies = [
 "capsules-core",
 "capsules-extra",
 "capsules-system",
 "components",
 "kernel",
 "qemu_rv32_virt_chip",
 "rv32i",
 "sifive",
]

[[package]]
name = "riscv"
version = "0.2.3-dev"
dependencies = [
 "kernel",
 "riscv-csr",
 "tock-registers",
]

[[package]]
name = "riscv-csr"
version = "0.1.0"
dependencies = [
 "tock-registers",
]

[[package]]
name = "rv32i"
version = "0.2.3-dev"
dependencies = [
 "kernel",
 "riscv",
 "riscv-csr",
 "tock-registers",
]

[[package]]
name = "segger"
version = "0.2.3-dev"
dependencies = [
 "kernel",
]

[[package]]
name = "sifive"
version = "0.2.3-dev"
dependencies = [
 "kernel",
 "rv32i",
]

[[package]]
name = "tickv"
version = "2.0.0"

[[package]]
name = "tock-cells"
version = "0.1.0"

[[package]]
name = "tock-registers"
version = "0.10.1"
source = "registry+https://github.com/rust-lang/crates.io-index"
checksum = "8d2d250f87fb3fb6f225c907cf54381509f47b40b74b1d1f12d2dccbc915bdfe"

[[package]]
name = "tock-tbf"
version = "0.1.0"

[[package]]
name = "virtio"
version = "0.2.3-dev"
dependencies = [
 "kernel",
]
